// !$*UTF8*$!
{
	archiveVersion = 1;
	classes = {
	};
	objectVersion = 46;
	objects = {

/* Begin PBXBuildFile section */
		6B183E311DF630FC0032F3CD /* KVAnimationExtention.swift in Sources */ = {isa = PBXBuildFile; fileRef = 6B183E2B1DF630FC0032F3CD /* KVAnimationExtention.swift */; };
		6B183E321DF630FC0032F3CD /* KVConstraintOperaterOverloading.swift in Sources */ = {isa = PBXBuildFile; fileRef = 6B183E2C1DF630FC0032F3CD /* KVConstraintOperaterOverloading.swift */; };
		6B183E331DF630FC0032F3CD /* KVConstraintsExtensionsMaster.swift in Sources */ = {isa = PBXBuildFile; fileRef = 6B183E2D1DF630FC0032F3CD /* KVConstraintsExtensionsMaster.swift */; };
		6B183E341DF630FC0032F3CD /* KVCustomSegue.swift in Sources */ = {isa = PBXBuildFile; fileRef = 6B183E2E1DF630FC0032F3CD /* KVCustomSegue.swift */; };
		6B183E351DF630FC0032F3CD /* KVMenuContainerView.swift in Sources */ = {isa = PBXBuildFile; fileRef = 6B183E2F1DF630FC0032F3CD /* KVMenuContainerView.swift */; };
		6B183E361DF630FC0032F3CD /* KVRootBaseSideMenuViewController.swift in Sources */ = {isa = PBXBuildFile; fileRef = 6B183E301DF630FC0032F3CD /* KVRootBaseSideMenuViewController.swift */; };
		6B298B6D1D342E1E00DADBA5 /* AppDelegate.swift in Sources */ = {isa = PBXBuildFile; fileRef = 6B298B6C1D342E1E00DADBA5 /* AppDelegate.swift */; };
		6B298B6F1D342E1E00DADBA5 /* ViewController.swift in Sources */ = {isa = PBXBuildFile; fileRef = 6B298B6E1D342E1E00DADBA5 /* ViewController.swift */; };
		6B298B721D342E1E00DADBA5 /* Main.storyboard in Resources */ = {isa = PBXBuildFile; fileRef = 6B298B701D342E1E00DADBA5 /* Main.storyboard */; };
		6B298B741D342E1E00DADBA5 /* Assets.xcassets in Resources */ = {isa = PBXBuildFile; fileRef = 6B298B731D342E1E00DADBA5 /* Assets.xcassets */; };
		6B298B771D342E1F00DADBA5 /* LaunchScreen.storyboard in Resources */ = {isa = PBXBuildFile; fileRef = 6B298B751D342E1F00DADBA5 /* LaunchScreen.storyboard */; };
		6B298B8D1D342ED500DADBA5 /* LeftSideViewController.swift in Sources */ = {isa = PBXBuildFile; fileRef = 6B298B8A1D342ED500DADBA5 /* LeftSideViewController.swift */; };
		6B298B8E1D342ED500DADBA5 /* RightSideViewController.swift in Sources */ = {isa = PBXBuildFile; fileRef = 6B298B8B1D342ED500DADBA5 /* RightSideViewController.swift */; };
		6B298B8F1D342ED500DADBA5 /* BaseViewController.swift in Sources */ = {isa = PBXBuildFile; fileRef = 6B298B8C1D342ED500DADBA5 /* BaseViewController.swift */; };
		6B298B911D342EE000DADBA5 /* SideMenuViewController.swift in Sources */ = {isa = PBXBuildFile; fileRef = 6B298B901D342EE000DADBA5 /* SideMenuViewController.swift */; };
/* End PBXBuildFile section */

/* Begin PBXCopyFilesBuildPhase section */
		6B298B881D342E9A00DADBA5 /* Embed Frameworks */ = {
			isa = PBXCopyFilesBuildPhase;
			buildActionMask = 2147483647;
			dstPath = "";
			dstSubfolderSpec = 10;
			files = (
			);
			name = "Embed Frameworks";
			runOnlyForDeploymentPostprocessing = 0;
		};
/* End PBXCopyFilesBuildPhase section */

/* Begin PBXFileReference section */
		6B183E2B1DF630FC0032F3CD /* KVAnimationExtention.swift */ = {isa = PBXFileReference; fileEncoding = 4; lastKnownFileType = sourcecode.swift; path = KVAnimationExtention.swift; sourceTree = "<group>"; };
		6B183E2C1DF630FC0032F3CD /* KVConstraintOperaterOverloading.swift */ = {isa = PBXFileReference; fileEncoding = 4; lastKnownFileType = sourcecode.swift; path = KVConstraintOperaterOverloading.swift; sourceTree = "<group>"; };
		6B183E2D1DF630FC0032F3CD /* KVConstraintsExtensionsMaster.swift */ = {isa = PBXFileReference; fileEncoding = 4; lastKnownFileType = sourcecode.swift; path = KVConstraintsExtensionsMaster.swift; sourceTree = "<group>"; };
		6B183E2E1DF630FC0032F3CD /* KVCustomSegue.swift */ = {isa = PBXFileReference; fileEncoding = 4; lastKnownFileType = sourcecode.swift; path = KVCustomSegue.swift; sourceTree = "<group>"; };
		6B183E2F1DF630FC0032F3CD /* KVMenuContainerView.swift */ = {isa = PBXFileReference; fileEncoding = 4; lastKnownFileType = sourcecode.swift; path = KVMenuContainerView.swift; sourceTree = "<group>"; };
		6B183E301DF630FC0032F3CD /* KVRootBaseSideMenuViewController.swift */ = {isa = PBXFileReference; fileEncoding = 4; lastKnownFileType = sourcecode.swift; path = KVRootBaseSideMenuViewController.swift; sourceTree = "<group>"; };
		6B298B691D342E1E00DADBA5 /* KVRootBaseSideMenu-Swift.app */ = {isa = PBXFileReference; explicitFileType = wrapper.application; includeInIndex = 0; path = "KVRootBaseSideMenu-Swift.app"; sourceTree = BUILT_PRODUCTS_DIR; };
		6B298B6C1D342E1E00DADBA5 /* AppDelegate.swift */ = {isa = PBXFileReference; lastKnownFileType = sourcecode.swift; path = AppDelegate.swift; sourceTree = "<group>"; };
		6B298B6E1D342E1E00DADBA5 /* ViewController.swift */ = {isa = PBXFileReference; lastKnownFileType = sourcecode.swift; path = ViewController.swift; sourceTree = "<group>"; };
		6B298B711D342E1E00DADBA5 /* Base */ = {isa = PBXFileReference; lastKnownFileType = file.storyboard; name = Base; path = Base.lproj/Main.storyboard; sourceTree = "<group>"; };
		6B298B731D342E1E00DADBA5 /* Assets.xcassets */ = {isa = PBXFileReference; lastKnownFileType = folder.assetcatalog; path = Assets.xcassets; sourceTree = "<group>"; };
		6B298B761D342E1F00DADBA5 /* Base */ = {isa = PBXFileReference; lastKnownFileType = file.storyboard; name = Base; path = Base.lproj/LaunchScreen.storyboard; sourceTree = "<group>"; };
		6B298B781D342E1F00DADBA5 /* Info.plist */ = {isa = PBXFileReference; lastKnownFileType = text.plist.xml; path = Info.plist; sourceTree = "<group>"; };
		6B298B8A1D342ED500DADBA5 /* LeftSideViewController.swift */ = {isa = PBXFileReference; fileEncoding = 4; lastKnownFileType = sourcecode.swift; path = LeftSideViewController.swift; sourceTree = "<group>"; };
		6B298B8B1D342ED500DADBA5 /* RightSideViewController.swift */ = {isa = PBXFileReference; fileEncoding = 4; lastKnownFileType = sourcecode.swift; path = RightSideViewController.swift; sourceTree = "<group>"; };
		6B298B8C1D342ED500DADBA5 /* BaseViewController.swift */ = {isa = PBXFileReference; fileEncoding = 4; lastKnownFileType = sourcecode.swift; path = BaseViewController.swift; sourceTree = "<group>"; };
		6B298B901D342EE000DADBA5 /* SideMenuViewController.swift */ = {isa = PBXFileReference; fileEncoding = 4; lastKnownFileType = sourcecode.swift; path = SideMenuViewController.swift; sourceTree = "<group>"; };
/* End PBXFileReference section */

/* Begin PBXFrameworksBuildPhase section */
		6B298B661D342E1E00DADBA5 /* Frameworks */ = {
			isa = PBXFrameworksBuildPhase;
			buildActionMask = 2147483647;
			files = (
			);
			runOnlyForDeploymentPostprocessing = 0;
		};
/* End PBXFrameworksBuildPhase section */

/* Begin PBXGroup section */
		6B183E2A1DF630FC0032F3CD /* KVRootBaseSideMenu */ = {
			isa = PBXGroup;
			children = (
				6B183E301DF630FC0032F3CD /* KVRootBaseSideMenuViewController.swift */,
				6B183E2F1DF630FC0032F3CD /* KVMenuContainerView.swift */,
				6B183E2E1DF630FC0032F3CD /* KVCustomSegue.swift */,
				6B183E2B1DF630FC0032F3CD /* KVAnimationExtention.swift */,
				6B183E2C1DF630FC0032F3CD /* KVConstraintOperaterOverloading.swift */,
				6B183E2D1DF630FC0032F3CD /* KVConstraintsExtensionsMaster.swift */,
			);
			name = KVRootBaseSideMenu;
			path = ../../KVRootBaseSideMenu;
			sourceTree = "<group>";
		};
		6B298B601D342E1E00DADBA5 = {
			isa = PBXGroup;
			children = (
				6B298B6B1D342E1E00DADBA5 /* KVRootBaseSideMenu-Swift */,
				6B298B6A1D342E1E00DADBA5 /* Products */,
			);
			sourceTree = "<group>";
		};
		6B298B6A1D342E1E00DADBA5 /* Products */ = {
			isa = PBXGroup;
			children = (
				6B298B691D342E1E00DADBA5 /* KVRootBaseSideMenu-Swift.app */,
			);
			name = Products;
			sourceTree = "<group>";
		};
		6B298B6B1D342E1E00DADBA5 /* KVRootBaseSideMenu-Swift */ = {
			isa = PBXGroup;
			children = (
				6B183E2A1DF630FC0032F3CD /* KVRootBaseSideMenu */,
				6B298B6C1D342E1E00DADBA5 /* AppDelegate.swift */,
				6B298B901D342EE000DADBA5 /* SideMenuViewController.swift */,
				6B298B8A1D342ED500DADBA5 /* LeftSideViewController.swift */,
				6B298B8B1D342ED500DADBA5 /* RightSideViewController.swift */,
				6B298B8C1D342ED500DADBA5 /* BaseViewController.swift */,
				6B298B6E1D342E1E00DADBA5 /* ViewController.swift */,
				6B298B701D342E1E00DADBA5 /* Main.storyboard */,
				6B298B731D342E1E00DADBA5 /* Assets.xcassets */,
				6B298B751D342E1F00DADBA5 /* LaunchScreen.storyboard */,
				6B298B781D342E1F00DADBA5 /* Info.plist */,
			);
			path = "KVRootBaseSideMenu-Swift";
			sourceTree = "<group>";
		};
/* End PBXGroup section */

/* Begin PBXNativeTarget section */
		6B298B681D342E1E00DADBA5 /* KVRootBaseSideMenu-Swift */ = {
			isa = PBXNativeTarget;
			buildConfigurationList = 6B298B7B1D342E1F00DADBA5 /* Build configuration list for PBXNativeTarget "KVRootBaseSideMenu-Swift" */;
			buildPhases = (
				6B298B651D342E1E00DADBA5 /* Sources */,
				6B298B661D342E1E00DADBA5 /* Frameworks */,
				6B298B671D342E1E00DADBA5 /* Resources */,
				6B298B881D342E9A00DADBA5 /* Embed Frameworks */,
			);
			buildRules = (
			);
			dependencies = (
			);
			name = "KVRootBaseSideMenu-Swift";
			productName = "KVRootBaseSideMenu-Swift";
			productReference = 6B298B691D342E1E00DADBA5 /* KVRootBaseSideMenu-Swift.app */;
			productType = "com.apple.product-type.application";
		};
/* End PBXNativeTarget section */

/* Begin PBXProject section */
		6B298B611D342E1E00DADBA5 /* Project object */ = {
			isa = PBXProject;
			attributes = {
				LastSwiftUpdateCheck = 0720;
				LastUpgradeCheck = 0720;
				ORGANIZATIONNAME = Keshav;
				TargetAttributes = {
					6B298B681D342E1E00DADBA5 = {
						CreatedOnToolsVersion = 7.2;
					};
				};
			};
			buildConfigurationList = 6B298B641D342E1E00DADBA5 /* Build configuration list for PBXProject "KVRootBaseSideMenu-Swift" */;
			compatibilityVersion = "Xcode 3.2";
			developmentRegion = English;
			hasScannedForEncodings = 0;
			knownRegions = (
				en,
				Base,
			);
			mainGroup = 6B298B601D342E1E00DADBA5;
			productRefGroup = 6B298B6A1D342E1E00DADBA5 /* Products */;
			projectDirPath = "";
			projectRoot = "";
			targets = (
				6B298B681D342E1E00DADBA5 /* KVRootBaseSideMenu-Swift */,
			);
		};
/* End PBXProject section */

/* Begin PBXResourcesBuildPhase section */
		6B298B671D342E1E00DADBA5 /* Resources */ = {
			isa = PBXResourcesBuildPhase;
			buildActionMask = 2147483647;
			files = (
				6B298B771D342E1F00DADBA5 /* LaunchScreen.storyboard in Resources */,
				6B298B741D342E1E00DADBA5 /* Assets.xcassets in Resources */,
				6B298B721D342E1E00DADBA5 /* Main.storyboard in Resources */,
			);
			runOnlyForDeploymentPostprocessing = 0;
		};
/* End PBXResourcesBuildPhase section */

/* Begin PBXSourcesBuildPhase section */
		6B298B651D342E1E00DADBA5 /* Sources */ = {
			isa = PBXSourcesBuildPhase;
			buildActionMask = 2147483647;
			files = (
				6B183E351DF630FC0032F3CD /* KVMenuContainerView.swift in Sources */,
				6B298B6F1D342E1E00DADBA5 /* ViewController.swift in Sources */,
				6B298B8D1D342ED500DADBA5 /* LeftSideViewController.swift in Sources */,
				6B183E321DF630FC0032F3CD /* KVConstraintOperaterOverloading.swift in Sources */,
				6B183E341DF630FC0032F3CD /* KVCustomSegue.swift in Sources */,
				6B298B8F1D342ED500DADBA5 /* BaseViewController.swift in Sources */,
				6B183E311DF630FC0032F3CD /* KVAnimationExtention.swift in Sources */,
				6B298B6D1D342E1E00DADBA5 /* AppDelegate.swift in Sources */,
				6B298B911D342EE000DADBA5 /* SideMenuViewController.swift in Sources */,
				6B298B8E1D342ED500DADBA5 /* RightSideViewController.swift in Sources */,
				6B183E361DF630FC0032F3CD /* KVRootBaseSideMenuViewController.swift in Sources */,
				6B183E331DF630FC0032F3CD /* KVConstraintsExtensionsMaster.swift in Sources */,
			);
			runOnlyForDeploymentPostprocessing = 0;
		};
/* End PBXSourcesBuildPhase section */

/* Begin PBXVariantGroup section */
		6B298B701D342E1E00DADBA5 /* Main.storyboard */ = {
			isa = PBXVariantGroup;
			children = (
				6B298B711D342E1E00DADBA5 /* Base */,
			);
			name = Main.storyboard;
			sourceTree = "<group>";
		};
		6B298B751D342E1F00DADBA5 /* LaunchScreen.storyboard */ = {
			isa = PBXVariantGroup;
			children = (
				6B298B761D342E1F00DADBA5 /* Base */,
			);
			name = LaunchScreen.storyboard;
			sourceTree = "<group>";
		};
/* End PBXVariantGroup section */

/* Begin XCBuildConfiguration section */
		6B298B791D342E1F00DADBA5 /* Debug */ = {
			isa = XCBuildConfiguration;
			buildSettings = {
				ALWAYS_SEARCH_USER_PATHS = NO;
				CLANG_CXX_LANGUAGE_STANDARD = "gnu++0x";
				CLANG_CXX_LIBRARY = "libc++";
				CLANG_ENABLE_MODULES = YES;
				CLANG_ENABLE_OBJC_ARC = YES;
				CLANG_WARN_BOOL_CONVERSION = YES;
				CLANG_WARN_CONSTANT_CONVERSION = YES;
				CLANG_WARN_DIRECT_OBJC_ISA_USAGE = YES_ERROR;
				CLANG_WARN_EMPTY_BODY = YES;
				CLANG_WARN_ENUM_CONVERSION = YES;
				CLANG_WARN_INT_CONVERSION = YES;
				CLANG_WARN_OBJC_ROOT_CLASS = YES_ERROR;
				CLANG_WARN_UNREACHABLE_CODE = YES;
				CLANG_WARN__DUPLICATE_METHOD_MATCH = YES;
				"CODE_SIGN_IDENTITY[sdk=iphoneos*]" = "iPhone Developer";
				COPY_PHASE_STRIP = NO;
				DEBUG_INFORMATION_FORMAT = dwarf;
				ENABLE_STRICT_OBJC_MSGSEND = YES;
				ENABLE_TESTABILITY = YES;
				GCC_C_LANGUAGE_STANDARD = gnu99;
				GCC_DYNAMIC_NO_PIC = NO;
				GCC_NO_COMMON_BLOCKS = YES;
				GCC_OPTIMIZATION_LEVEL = 0;
				GCC_PREPROCESSOR_DEFINITIONS = (
					"DEBUG=1",
					"$(inherited)",
				);
				GCC_WARN_64_TO_32_BIT_CONVERSION = YES;
				GCC_WARN_ABOUT_RETURN_TYPE = YES_ERROR;
				GCC_WARN_UNDECLARED_SELECTOR = YES;
				GCC_WARN_UNINITIALIZED_AUTOS = YES_AGGRESSIVE;
				GCC_WARN_UNUSED_FUNCTION = YES;
				GCC_WARN_UNUSED_VARIABLE = YES;
				IPHONEOS_DEPLOYMENT_TARGET = 9.2;
				MTL_ENABLE_DEBUG_INFO = YES;
				ONLY_ACTIVE_ARCH = YES;
				SDKROOT = iphoneos;
				SWIFT_OPTIMIZATION_LEVEL = "-Onone";
			};
			name = Debug;
		};
		6B298B7A1D342E1F00DADBA5 /* Release */ = {
			isa = XCBuildConfiguration;
			buildSettings = {
				ALWAYS_SEARCH_USER_PATHS = NO;
				CLANG_CXX_LANGUAGE_STANDARD = "gnu++0x";
				CLANG_CXX_LIBRARY = "libc++";
				CLANG_ENABLE_MODULES = YES;
				CLANG_ENABLE_OBJC_ARC = YES;
				CLANG_WARN_BOOL_CONVERSION = YES;
				CLANG_WARN_CONSTANT_CONVERSION = YES;
				CLANG_WARN_DIRECT_OBJC_ISA_USAGE = YES_ERROR;
				CLANG_WARN_EMPTY_BODY = YES;
				CLANG_WARN_ENUM_CONVERSION = YES;
				CLANG_WARN_INT_CONVERSION = YES;
				CLANG_WARN_OBJC_ROOT_CLASS = YES_ERROR;
				CLANG_WARN_UNREACHABLE_CODE = YES;
				CLANG_WARN__DUPLICATE_METHOD_MATCH = YES;
				"CODE_SIGN_IDENTITY[sdk=iphoneos*]" = "iPhone Developer";
				COPY_PHASE_STRIP = NO;
				DEBUG_INFORMATION_FORMAT = "dwarf-with-dsym";
				ENABLE_NS_ASSERTIONS = NO;
				ENABLE_STRICT_OBJC_MSGSEND = YES;
				GCC_C_LANGUAGE_STANDARD = gnu99;
				GCC_NO_COMMON_BLOCKS = YES;
				GCC_WARN_64_TO_32_BIT_CONVERSION = YES;
				GCC_WARN_ABOUT_RETURN_TYPE = YES_ERROR;
				GCC_WARN_UNDECLARED_SELECTOR = YES;
				GCC_WARN_UNINITIALIZED_AUTOS = YES_AGGRESSIVE;
				GCC_WARN_UNUSED_FUNCTION = YES;
				GCC_WARN_UNUSED_VARIABLE = YES;
				IPHONEOS_DEPLOYMENT_TARGET = 9.2;
				MTL_ENABLE_DEBUG_INFO = NO;
				SDKROOT = iphoneos;
				VALIDATE_PRODUCT = YES;
			};
			name = Release;
		};
		6B298B7C1D342E1F00DADBA5 /* Debug */ = {
			isa = XCBuildConfiguration;
			buildSettings = {
				ASSETCATALOG_COMPILER_APPICON_NAME = AppIcon;
				ENABLE_BITCODE = NO;
				FRAMEWORK_SEARCH_PATHS = (
					"$(inherited)",
					"$(PROJECT_DIR)/KVRootBaseSideMenu-Swift",
					"$(PROJECT_DIR)/Carthage/Build/iOS",
				);
				INFOPLIST_FILE = "KVRootBaseSideMenu-Swift/Info.plist";
				LD_RUNPATH_SEARCH_PATHS = "$(inherited) @executable_path/Frameworks";
				PRODUCT_BUNDLE_IDENTIFIER = "Keshav-Vishwkarma.KVRootBaseSideMenu-Swift";
				PRODUCT_NAME = "$(TARGET_NAME)";
				TARGETED_DEVICE_FAMILY = "1,2";
			};
			name = Debug;
		};
		6B298B7D1D342E1F00DADBA5 /* Release */ = {
			isa = XCBuildConfiguration;
			buildSettings = {
				ASSETCATALOG_COMPILER_APPICON_NAME = AppIcon;
				ENABLE_BITCODE = NO;
				FRAMEWORK_SEARCH_PATHS = (
					"$(inherited)",
					"$(PROJECT_DIR)/KVRootBaseSideMenu-Swift",
					"$(PROJECT_DIR)/Carthage/Build/iOS",
				);
				INFOPLIST_FILE = "KVRootBaseSideMenu-Swift/Info.plist";
				LD_RUNPATH_SEARCH_PATHS = "$(inherited) @executable_path/Frameworks";
				PRODUCT_BUNDLE_IDENTIFIER = "Keshav-Vishwkarma.KVRootBaseSideMenu-Swift";
				PRODUCT_NAME = "$(TARGET_NAME)";
				TARGETED_DEVICE_FAMILY = "1,2";
			};
			name = Release;
		};
/* End XCBuildConfiguration section */

/* Begin XCConfigurationList section */
		6B298B641D342E1E00DADBA5 /* Build configuration list for PBXProject "KVRootBaseSideMenu-Swift" */ = {
			isa = XCConfigurationList;
			buildConfigurations = (
				6B298B791D342E1F00DADBA5 /* Debug */,
				6B298B7A1D342E1F00DADBA5 /* Release */,
			);
			defaultConfigurationIsVisible = 0;
			defaultConfigurationName = Release;
		};
		6B298B7B1D342E1F00DADBA5 /* Build configuration list for PBXNativeTarget "KVRootBaseSideMenu-Swift" */ = {
			isa = XCConfigurationList;
			buildConfigurations = (
				6B298B7C1D342E1F00DADBA5 /* Debug */,
				6B298B7D1D342E1F00DADBA5 /* Release */,
			);
			defaultConfigurationIsVisible = 0;
			defaultConfigurationName = Release;
		};
/* End XCConfigurationList section */
	};
	rootObject = 6B298B611D342E1E00DADBA5 /* Project object */;
}
